
Microsoft Visual Studio Solution File, Format Version 12.00
# Visual Studio Version 17
VisualStudioVersion = 17.3.32922.545
MinimumVisualStudioVersion = 10.0.40219.1
Project("{8BC9CEB8-8B4A-11D0-8D11-00A0C91BC942}") = "lab5_0", "lab5\lab5.vcxproj", "{B0C44DBB-E1F2-4E69-AD95-50DE756C48A7}"
EndProject
Project("{8BC9CEB8-8B4A-11D0-8D11-00A0C91BC942}") = "lab5_1", "lab5_2\lab5_2.vcxproj", "{8F63E84B-4D82-4229-B420-21449125B399}"
EndProject
Project("{8BC9CEB8-8B4A-11D0-8D11-00A0C91BC942}") = "lab5_2", "lab5__2\lab5__2.vcxproj", "{E111313A-5F8B-4D29-BFD3-095E36077534}"
EndProject
Global
	GlobalSection(SolutionConfigurationPlatforms) = preSolution
		Debug|x64 = Debug|x64
		Debug|x86 = Debug|x86
		Release|x64 = Release|x64
		Release|x86 = Release|x86
	EndGlobalSection
	GlobalSection(ProjectConfigurationPlatforms) = postSolution
		{B0C44DBB-E1F2-4E69-AD95-50DE756C48A7}.Debug|x64.ActiveCfg = Debug|x64
		{B0C44DBB-E1F2-4E69-AD95-50DE756C48A7}.Debug|x64.Build.0 = Debug|x64
		{B0C44DBB-E1F2-4E69-AD95-50DE756C48A7}.Debug|x86.ActiveCfg = Debug|Win32
		{B0C44DBB-E1F2-4E69-AD95-50DE756C48A7}.Debug|x86.Build.0 = Debug|Win32
		{B0C44DBB-E1F2-4E69-AD95-50DE756C48A7}.Release|x64.ActiveCfg = Release|x64
		{B0C44DBB-E1F2-4E69-AD95-50DE756C48A7}.Release|x64.Build.0 = Release|x64
		{B0C44DBB-E1F2-4E69-AD95-50DE756C48A7}.Release|x86.ActiveCfg = Release|Win32
		{B0C44DBB-E1F2-4E69-AD95-50DE756C48A7}.Release|x86.Build.0 = Release|Win32
		{8F63E84B-4D82-4229-B420-21449125B399}.Debug|x64.ActiveCfg = Debug|x64
		{8F63E84B-4D82-4229-B420-21449125B399}.Debug|x64.Build.0 = Debug|x64
		{8F63E84B-4D82-4229-B420-21449125B399}.Debug|x86.ActiveCfg = Debug|Win32
		{8F63E84B-4D82-4229-B420-21449125B399}.Debug|x86.Build.0 = Debug|Win32
		{8F63E84B-4D82-4229-B420-21449125B399}.Release|x64.ActiveCfg = Release|x64
		{8F63E84B-4D82-4229-B420-21449125B399}.Release|x64.Build.0 = Release|x64
		{8F63E84B-4D82-4229-B420-21449125B399}.Release|x86.ActiveCfg = Release|Win32
		{8F63E84B-4D82-4229-B420-21449125B399}.Release|x86.Build.0 = Release|Win32
		{E111313A-5F8B-4D29-BFD3-095E36077534}.Debug|x64.ActiveCfg = Debug|x64
		{E111313A-5F8B-4D29-BFD3-095E36077534}.Debug|x64.Build.0 = Debug|x64
		{E111313A-5F8B-4D29-BFD3-095E36077534}.Debug|x86.ActiveCfg = Debug|Win32
		{E111313A-5F8B-4D29-BFD3-095E36077534}.Debug|x86.Build.0 = Debug|Win32
		{E111313A-5F8B-4D29-BFD3-095E36077534}.Release|x64.ActiveCfg = Release|x64
		{E111313A-5F8B-4D29-BFD3-095E36077534}.Release|x64.Build.0 = Release|x64
		{E111313A-5F8B-4D29-BFD3-095E36077534}.Release|x86.ActiveCfg = Release|Win32
		{E111313A-5F8B-4D29-BFD3-095E36077534}.Release|x86.Build.0 = Release|Win32
	EndGlobalSection
	GlobalSection(SolutionProperties) = preSolution
		HideSolutionNode = FALSE
	EndGlobalSection
	GlobalSection(ExtensibilityGlobals) = postSolution
		SolutionGuid = {0BCABFF0-4207-4303-A869-F7E612B523FC}
	EndGlobalSection
EndGlobal
